// !$*UTF8*$!
{
	archiveVersion = 1;
	classes = {
	};
	objectVersion = 50;
	objects = {

/* Begin PBXBuildFile section */
		881B91FC25D7B05300DDF19A /* WebKit.framework in Frameworks */ = {isa = PBXBuildFile; fileRef = 881B91FB25D7B05200DDF19A /* WebKit.framework */; };
		881B920225D7D1D800DDF19A /* LastViewController.swift in Sources */ = {isa = PBXBuildFile; fileRef = 881B920125D7D1D800DDF19A /* LastViewController.swift */; };
		881FF5D925BDA474001702F3 /* WebToonCollectionViewCell.swift in Sources */ = {isa = PBXBuildFile; fileRef = 881FF5D825BDA474001702F3 /* WebToonCollectionViewCell.swift */; };
		882A70F825C41B5100302549 /* UpperCollectionViewCell.swift in Sources */ = {isa = PBXBuildFile; fileRef = 882A70F725C41B5100302549 /* UpperCollectionViewCell.swift */; };
		884F2B9925C918FE00E0F22A /* EpisodeTableViewController.swift in Sources */ = {isa = PBXBuildFile; fileRef = 884F2B9825C918FE00E0F22A /* EpisodeTableViewController.swift */; };
		884F2B9C25C9196100E0F22A /* EpisodeTableViewCell.swift in Sources */ = {isa = PBXBuildFile; fileRef = 884F2B9B25C9196100E0F22A /* EpisodeTableViewCell.swift */; };
		88969AB425CA47D00055D8D2 /* EpisodeHeader.swift in Sources */ = {isa = PBXBuildFile; fileRef = 88969AB325CA47D00055D8D2 /* EpisodeHeader.swift */; };
		88A56BA625BC36BD009182F5 /* AppDelegate.swift in Sources */ = {isa = PBXBuildFile; fileRef = 88A56BA525BC36BD009182F5 /* AppDelegate.swift */; };
		88A56BA825BC36BD009182F5 /* SceneDelegate.swift in Sources */ = {isa = PBXBuildFile; fileRef = 88A56BA725BC36BD009182F5 /* SceneDelegate.swift */; };
		88A56BAD25BC36BD009182F5 /* Main.storyboard in Resources */ = {isa = PBXBuildFile; fileRef = 88A56BAB25BC36BD009182F5 /* Main.storyboard */; };
		88A56BAF25BC36BE009182F5 /* Assets.xcassets in Resources */ = {isa = PBXBuildFile; fileRef = 88A56BAE25BC36BE009182F5 /* Assets.xcassets */; };
		88A56BB225BC36BE009182F5 /* LaunchScreen.storyboard in Resources */ = {isa = PBXBuildFile; fileRef = 88A56BB025BC36BE009182F5 /* LaunchScreen.storyboard */; };
		88A56BBE25BC4E12009182F5 /* MainViewController.swift in Sources */ = {isa = PBXBuildFile; fileRef = 88A56BBD25BC4E12009182F5 /* MainViewController.swift */; };
		88CCBBC625BFD617004BA013 /* WebtoonModel.swift in Sources */ = {isa = PBXBuildFile; fileRef = 88CCBBC525BFD617004BA013 /* WebtoonModel.swift */; };
		88CCBBC925BFD622004BA013 /* EpisodeModel.swift in Sources */ = {isa = PBXBuildFile; fileRef = 88CCBBC825BFD622004BA013 /* EpisodeModel.swift */; };
		88CCBBCF25BFD6F5004BA013 /* Model.swift in Sources */ = {isa = PBXBuildFile; fileRef = 88CCBBCE25BFD6F5004BA013 /* Model.swift */; };
		88CCBBD225BFE875004BA013 /* Data.swift in Sources */ = {isa = PBXBuildFile; fileRef = 88CCBBD125BFE875004BA013 /* Data.swift */; };
		88FEE1C225DB66A20015B9D9 /* DateHeaderReusableView.swift in Sources */ = {isa = PBXBuildFile; fileRef = 88FEE1C125DB66A20015B9D9 /* DateHeaderReusableView.swift */; };
/* End PBXBuildFile section */

/* Begin PBXFileReference section */
		881B91FB25D7B05200DDF19A /* WebKit.framework */ = {isa = PBXFileReference; lastKnownFileType = wrapper.framework; name = WebKit.framework; path = System/Library/Frameworks/WebKit.framework; sourceTree = SDKROOT; };
		881B920125D7D1D800DDF19A /* LastViewController.swift */ = {isa = PBXFileReference; lastKnownFileType = sourcecode.swift; path = LastViewController.swift; sourceTree = "<group>"; };
		881FF5D825BDA474001702F3 /* WebToonCollectionViewCell.swift */ = {isa = PBXFileReference; lastKnownFileType = sourcecode.swift; path = WebToonCollectionViewCell.swift; sourceTree = "<group>"; };
		882A70F725C41B5100302549 /* UpperCollectionViewCell.swift */ = {isa = PBXFileReference; lastKnownFileType = sourcecode.swift; path = UpperCollectionViewCell.swift; sourceTree = "<group>"; };
		884F2B9825C918FE00E0F22A /* EpisodeTableViewController.swift */ = {isa = PBXFileReference; lastKnownFileType = sourcecode.swift; path = EpisodeTableViewController.swift; sourceTree = "<group>"; };
		884F2B9B25C9196100E0F22A /* EpisodeTableViewCell.swift */ = {isa = PBXFileReference; lastKnownFileType = sourcecode.swift; path = EpisodeTableViewCell.swift; sourceTree = "<group>"; };
		88969AB325CA47D00055D8D2 /* EpisodeHeader.swift */ = {isa = PBXFileReference; lastKnownFileType = sourcecode.swift; path = EpisodeHeader.swift; sourceTree = "<group>"; };
		88A56BA225BC36BD009182F5 /* WebToon.app */ = {isa = PBXFileReference; explicitFileType = wrapper.application; includeInIndex = 0; path = WebToon.app; sourceTree = BUILT_PRODUCTS_DIR; };
		88A56BA525BC36BD009182F5 /* AppDelegate.swift */ = {isa = PBXFileReference; lastKnownFileType = sourcecode.swift; path = AppDelegate.swift; sourceTree = "<group>"; };
		88A56BA725BC36BD009182F5 /* SceneDelegate.swift */ = {isa = PBXFileReference; lastKnownFileType = sourcecode.swift; path = SceneDelegate.swift; sourceTree = "<group>"; };
		88A56BAC25BC36BD009182F5 /* Base */ = {isa = PBXFileReference; lastKnownFileType = file.storyboard; name = Base; path = Base.lproj/Main.storyboard; sourceTree = "<group>"; };
		88A56BAE25BC36BE009182F5 /* Assets.xcassets */ = {isa = PBXFileReference; lastKnownFileType = folder.assetcatalog; path = Assets.xcassets; sourceTree = "<group>"; };
		88A56BB125BC36BE009182F5 /* Base */ = {isa = PBXFileReference; lastKnownFileType = file.storyboard; name = Base; path = Base.lproj/LaunchScreen.storyboard; sourceTree = "<group>"; };
		88A56BB325BC36BE009182F5 /* Info.plist */ = {isa = PBXFileReference; lastKnownFileType = text.plist.xml; path = Info.plist; sourceTree = "<group>"; };
		88A56BBD25BC4E12009182F5 /* MainViewController.swift */ = {isa = PBXFileReference; lastKnownFileType = sourcecode.swift; path = MainViewController.swift; sourceTree = "<group>"; };
		88CCBBC525BFD617004BA013 /* WebtoonModel.swift */ = {isa = PBXFileReference; lastKnownFileType = sourcecode.swift; path = WebtoonModel.swift; sourceTree = "<group>"; };
		88CCBBC825BFD622004BA013 /* EpisodeModel.swift */ = {isa = PBXFileReference; lastKnownFileType = sourcecode.swift; path = EpisodeModel.swift; sourceTree = "<group>"; };
		88CCBBCE25BFD6F5004BA013 /* Model.swift */ = {isa = PBXFileReference; lastKnownFileType = sourcecode.swift; path = Model.swift; sourceTree = "<group>"; };
		88CCBBD125BFE875004BA013 /* Data.swift */ = {isa = PBXFileReference; lastKnownFileType = sourcecode.swift; path = Data.swift; sourceTree = "<group>"; };
		88FEE1C125DB66A20015B9D9 /* DateHeaderReusableView.swift */ = {isa = PBXFileReference; lastKnownFileType = sourcecode.swift; path = DateHeaderReusableView.swift; sourceTree = "<group>"; };
/* End PBXFileReference section */

/* Begin PBXFrameworksBuildPhase section */
		88A56B9F25BC36BD009182F5 /* Frameworks */ = {
			isa = PBXFrameworksBuildPhase;
			buildActionMask = 2147483647;
			files = (
				881B91FC25D7B05300DDF19A /* WebKit.framework in Frameworks */,
			);
			runOnlyForDeploymentPostprocessing = 0;
		};
/* End PBXFrameworksBuildPhase section */

/* Begin PBXGroup section */
		881B91FA25D7B05200DDF19A /* Frameworks */ = {
			isa = PBXGroup;
			children = (
				881B91FB25D7B05200DDF19A /* WebKit.framework */,
			);
			name = Frameworks;
			sourceTree = "<group>";
		};
		884F2B9E25C9305300E0F22A /* First View Controller */ = {
			isa = PBXGroup;
			children = (
				881FF5D825BDA474001702F3 /* WebToonCollectionViewCell.swift */,
				88A56BBD25BC4E12009182F5 /* MainViewController.swift */,
				88FEE1C125DB66A20015B9D9 /* DateHeaderReusableView.swift */,
				882A70F725C41B5100302549 /* UpperCollectionViewCell.swift */,
			);
			path = "First View Controller";
			sourceTree = "<group>";
		};
		88969AB125CA43430055D8D2 /* Second View Controller */ = {
			isa = PBXGroup;
			children = (
				884F2B9825C918FE00E0F22A /* EpisodeTableViewController.swift */,
				884F2B9B25C9196100E0F22A /* EpisodeTableViewCell.swift */,
				88969AB325CA47D00055D8D2 /* EpisodeHeader.swift */,
			);
			path = "Second View Controller";
			sourceTree = "<group>";
		};
		88A56B9925BC36BC009182F5 = {
			isa = PBXGroup;
			children = (
				88A56BA425BC36BD009182F5 /* WebToon */,
				88A56BA325BC36BD009182F5 /* Products */,
				881B91FA25D7B05200DDF19A /* Frameworks */,
			);
			sourceTree = "<group>";
		};
		88A56BA325BC36BD009182F5 /* Products */ = {
			isa = PBXGroup;
			children = (
				88A56BA225BC36BD009182F5 /* WebToon.app */,
			);
			name = Products;
			sourceTree = "<group>";
		};
		88A56BA425BC36BD009182F5 /* WebToon */ = {
			isa = PBXGroup;
			children = (
				88A56BB325BC36BE009182F5 /* Info.plist */,
				88BC77BE25E4B63300ECD5C1 /* Last View Controller */,
				884F2B9E25C9305300E0F22A /* First View Controller */,
				88A56BAB25BC36BD009182F5 /* Main.storyboard */,
				88969AB125CA43430055D8D2 /* Second View Controller */,
				88CCBBCB25BFD62B004BA013 /* Model */,
				88A56BBA25BC36E1009182F5 /* Supporting Files */,
			);
			path = WebToon;
			sourceTree = "<group>";
		};
		88A56BBA25BC36E1009182F5 /* Supporting Files */ = {
			isa = PBXGroup;
			children = (
				88A56BA525BC36BD009182F5 /* AppDelegate.swift */,
				88A56BA725BC36BD009182F5 /* SceneDelegate.swift */,
				88A56BAE25BC36BE009182F5 /* Assets.xcassets */,
				88A56BB025BC36BE009182F5 /* LaunchScreen.storyboard */,
			);
			path = "Supporting Files";
			sourceTree = "<group>";
		};
		88BC77BE25E4B63300ECD5C1 /* Last View Controller */ = {
			isa = PBXGroup;
			children = (
				881B920125D7D1D800DDF19A /* LastViewController.swift */,
			);
			path = "Last View Controller";
			sourceTree = "<group>";
		};
		88CCBBCB25BFD62B004BA013 /* Model */ = {
			isa = PBXGroup;
			children = (
				88CCBBC525BFD617004BA013 /* WebtoonModel.swift */,
				88CCBBC825BFD622004BA013 /* EpisodeModel.swift */,
				88CCBBCE25BFD6F5004BA013 /* Model.swift */,
				88CCBBD125BFE875004BA013 /* Data.swift */,
			);
			path = Model;
			sourceTree = "<group>";
		};
/* End PBXGroup section */

/* Begin PBXNativeTarget section */
		88A56BA125BC36BD009182F5 /* WebToon */ = {
			isa = PBXNativeTarget;
			buildConfigurationList = 88A56BB625BC36BE009182F5 /* Build configuration list for PBXNativeTarget "WebToon" */;
			buildPhases = (
				88A56B9E25BC36BD009182F5 /* Sources */,
				88A56B9F25BC36BD009182F5 /* Frameworks */,
				88A56BA025BC36BD009182F5 /* Resources */,
			);
			buildRules = (
			);
			dependencies = (
			);
			name = WebToon;
			productName = WebToon;
			productReference = 88A56BA225BC36BD009182F5 /* WebToon.app */;
			productType = "com.apple.product-type.application";
		};
/* End PBXNativeTarget section */

/* Begin PBXProject section */
		88A56B9A25BC36BC009182F5 /* Project object */ = {
			isa = PBXProject;
			attributes = {
				LastSwiftUpdateCheck = 1220;
				LastUpgradeCheck = 1220;
				TargetAttributes = {
					88A56BA125BC36BD009182F5 = {
						CreatedOnToolsVersion = 12.2;
					};
				};
			};
			buildConfigurationList = 88A56B9D25BC36BC009182F5 /* Build configuration list for PBXProject "WebToon" */;
			compatibilityVersion = "Xcode 9.3";
			developmentRegion = en;
			hasScannedForEncodings = 0;
			knownRegions = (
				en,
				Base,
			);
			mainGroup = 88A56B9925BC36BC009182F5;
			productRefGroup = 88A56BA325BC36BD009182F5 /* Products */;
			projectDirPath = "";
			projectRoot = "";
			targets = (
				88A56BA125BC36BD009182F5 /* WebToon */,
			);
		};
/* End PBXProject section */

/* Begin PBXResourcesBuildPhase section */
		88A56BA025BC36BD009182F5 /* Resources */ = {
			isa = PBXResourcesBuildPhase;
			buildActionMask = 2147483647;
			files = (
				88A56BB225BC36BE009182F5 /* LaunchScreen.storyboard in Resources */,
				88A56BAF25BC36BE009182F5 /* Assets.xcassets in Resources */,
				88A56BAD25BC36BD009182F5 /* Main.storyboard in Resources */,
			);
			runOnlyForDeploymentPostprocessing = 0;
		};
/* End PBXResourcesBuildPhase section */

/* Begin PBXSourcesBuildPhase section */
		88A56B9E25BC36BD009182F5 /* Sources */ = {
			isa = PBXSourcesBuildPhase;
			buildActionMask = 2147483647;
			files = (
				882A70F825C41B5100302549 /* UpperCollectionViewCell.swift in Sources */,
				88CCBBCF25BFD6F5004BA013 /* Model.swift in Sources */,
				88A56BBE25BC4E12009182F5 /* MainViewController.swift in Sources */,
				88A56BA625BC36BD009182F5 /* AppDelegate.swift in Sources */,
				88969AB425CA47D00055D8D2 /* EpisodeHeader.swift in Sources */,
				88A56BA825BC36BD009182F5 /* SceneDelegate.swift in Sources */,
				88CCBBC925BFD622004BA013 /* EpisodeModel.swift in Sources */,
				884F2B9C25C9196100E0F22A /* EpisodeTableViewCell.swift in Sources */,
				884F2B9925C918FE00E0F22A /* EpisodeTableViewController.swift in Sources */,
				88CCBBC625BFD617004BA013 /* WebtoonModel.swift in Sources */,
				881FF5D925BDA474001702F3 /* WebToonCollectionViewCell.swift in Sources */,
				881B920225D7D1D800DDF19A /* LastViewController.swift in Sources */,
				88FEE1C225DB66A20015B9D9 /* DateHeaderReusableView.swift in Sources */,
				88CCBBD225BFE875004BA013 /* Data.swift in Sources */,
			);
			runOnlyForDeploymentPostprocessing = 0;
		};
/* End PBXSourcesBuildPhase section */

/* Begin PBXVariantGroup section */
		88A56BAB25BC36BD009182F5 /* Main.storyboard */ = {
			isa = PBXVariantGroup;
			children = (
				88A56BAC25BC36BD009182F5 /* Base */,
			);
			name = Main.storyboard;
			sourceTree = "<group>";
		};
		88A56BB025BC36BE009182F5 /* LaunchScreen.storyboard */ = {
			isa = PBXVariantGroup;
			children = (
				88A56BB125BC36BE009182F5 /* Base */,
			);
			name = LaunchScreen.storyboard;
			sourceTree = "<group>";
		};
/* End PBXVariantGroup section */

/* Begin XCBuildConfiguration section */
		88A56BB425BC36BE009182F5 /* Debug */ = {
			isa = XCBuildConfiguration;
			buildSettings = {
				ALWAYS_SEARCH_USER_PATHS = NO;
				CLANG_ANALYZER_NONNULL = YES;
				CLANG_ANALYZER_NUMBER_OBJECT_CONVERSION = YES_AGGRESSIVE;
				CLANG_CXX_LANGUAGE_STANDARD = "gnu++14";
				CLANG_CXX_LIBRARY = "libc++";
				CLANG_ENABLE_MODULES = YES;
				CLANG_ENABLE_OBJC_ARC = YES;
				CLANG_ENABLE_OBJC_WEAK = YES;
				CLANG_WARN_BLOCK_CAPTURE_AUTORELEASING = YES;
				CLANG_WARN_BOOL_CONVERSION = YES;
				CLANG_WARN_COMMA = YES;
				CLANG_WARN_CONSTANT_CONVERSION = YES;
				CLANG_WARN_DEPRECATED_OBJC_IMPLEMENTATIONS = YES;
				CLANG_WARN_DIRECT_OBJC_ISA_USAGE = YES_ERROR;
				CLANG_WARN_DOCUMENTATION_COMMENTS = YES;
				CLANG_WARN_EMPTY_BODY = YES;
				CLANG_WARN_ENUM_CONVERSION = YES;
				CLANG_WARN_INFINITE_RECURSION = YES;
				CLANG_WARN_INT_CONVERSION = YES;
				CLANG_WARN_NON_LITERAL_NULL_CONVERSION = YES;
				CLANG_WARN_OBJC_IMPLICIT_RETAIN_SELF = YES;
				CLANG_WARN_OBJC_LITERAL_CONVERSION = YES;
				CLANG_WARN_OBJC_ROOT_CLASS = YES_ERROR;
				CLANG_WARN_QUOTED_INCLUDE_IN_FRAMEWORK_HEADER = YES;
				CLANG_WARN_RANGE_LOOP_ANALYSIS = YES;
				CLANG_WARN_STRICT_PROTOTYPES = YES;
				CLANG_WARN_SUSPICIOUS_MOVE = YES;
				CLANG_WARN_UNGUARDED_AVAILABILITY = YES_AGGRESSIVE;
				CLANG_WARN_UNREACHABLE_CODE = YES;
				CLANG_WARN__DUPLICATE_METHOD_MATCH = YES;
				COPY_PHASE_STRIP = NO;
				DEBUG_INFORMATION_FORMAT = dwarf;
				ENABLE_STRICT_OBJC_MSGSEND = YES;
				ENABLE_TESTABILITY = YES;
				GCC_C_LANGUAGE_STANDARD = gnu11;
				GCC_DYNAMIC_NO_PIC = NO;
				GCC_NO_COMMON_BLOCKS = YES;
				GCC_OPTIMIZATION_LEVEL = 0;
				GCC_PREPROCESSOR_DEFINITIONS = (
					"DEBUG=1",
					"$(inherited)",
				);
				GCC_WARN_64_TO_32_BIT_CONVERSION = YES;
				GCC_WARN_ABOUT_RETURN_TYPE = YES_ERROR;
				GCC_WARN_UNDECLARED_SELECTOR = YES;
				GCC_WARN_UNINITIALIZED_AUTOS = YES_AGGRESSIVE;
				GCC_WARN_UNUSED_FUNCTION = YES;
				GCC_WARN_UNUSED_VARIABLE = YES;
				IPHONEOS_DEPLOYMENT_TARGET = 14.2;
				MTL_ENABLE_DEBUG_INFO = INCLUDE_SOURCE;
				MTL_FAST_MATH = YES;
				ONLY_ACTIVE_ARCH = YES;
				SDKROOT = iphoneos;
				SWIFT_ACTIVE_COMPILATION_CONDITIONS = DEBUG;
				SWIFT_OPTIMIZATION_LEVEL = "-Onone";
			};
			name = Debug;
		};
		88A56BB525BC36BE009182F5 /* Release */ = {
			isa = XCBuildConfiguration;
			buildSettings = {
				ALWAYS_SEARCH_USER_PATHS = NO;
				CLANG_ANALYZER_NONNULL = YES;
				CLANG_ANALYZER_NUMBER_OBJECT_CONVERSION = YES_AGGRESSIVE;
				CLANG_CXX_LANGUAGE_STANDARD = "gnu++14";
				CLANG_CXX_LIBRARY = "libc++";
				CLANG_ENABLE_MODULES = YES;
				CLANG_ENABLE_OBJC_ARC = YES;
				CLANG_ENABLE_OBJC_WEAK = YES;
				CLANG_WARN_BLOCK_CAPTURE_AUTORELEASING = YES;
				CLANG_WARN_BOOL_CONVERSION = YES;
				CLANG_WARN_COMMA = YES;
				CLANG_WARN_CONSTANT_CONVERSION = YES;
				CLANG_WARN_DEPRECATED_OBJC_IMPLEMENTATIONS = YES;
				CLANG_WARN_DIRECT_OBJC_ISA_USAGE = YES_ERROR;
				CLANG_WARN_DOCUMENTATION_COMMENTS = YES;
				CLANG_WARN_EMPTY_BODY = YES;
				CLANG_WARN_ENUM_CONVERSION = YES;
				CLANG_WARN_INFINITE_RECURSION = YES;
				CLANG_WARN_INT_CONVERSION = YES;
				CLANG_WARN_NON_LITERAL_NULL_CONVERSION = YES;
				CLANG_WARN_OBJC_IMPLICIT_RETAIN_SELF = YES;
				CLANG_WARN_OBJC_LITERAL_CONVERSION = YES;
				CLANG_WARN_OBJC_ROOT_CLASS = YES_ERROR;
				CLANG_WARN_QUOTED_INCLUDE_IN_FRAMEWORK_HEADER = YES;
				CLANG_WARN_RANGE_LOOP_ANALYSIS = YES;
				CLANG_WARN_STRICT_PROTOTYPES = YES;
				CLANG_WARN_SUSPICIOUS_MOVE = YES;
				CLANG_WARN_UNGUARDED_AVAILABILITY = YES_AGGRESSIVE;
				CLANG_WARN_UNREACHABLE_CODE = YES;
				CLANG_WARN__DUPLICATE_METHOD_MATCH = YES;
				COPY_PHASE_STRIP = NO;
				DEBUG_INFORMATION_FORMAT = "dwarf-with-dsym";
				ENABLE_NS_ASSERTIONS = NO;
				ENABLE_STRICT_OBJC_MSGSEND = YES;
				GCC_C_LANGUAGE_STANDARD = gnu11;
				GCC_NO_COMMON_BLOCKS = YES;
				GCC_WARN_64_TO_32_BIT_CONVERSION = YES;
				GCC_WARN_ABOUT_RETURN_TYPE = YES_ERROR;
				GCC_WARN_UNDECLARED_SELECTOR = YES;
				GCC_WARN_UNINITIALIZED_AUTOS = YES_AGGRESSIVE;
				GCC_WARN_UNUSED_FUNCTION = YES;
				GCC_WARN_UNUSED_VARIABLE = YES;
				IPHONEOS_DEPLOYMENT_TARGET = 14.2;
				MTL_ENABLE_DEBUG_INFO = NO;
				MTL_FAST_MATH = YES;
				SDKROOT = iphoneos;
				SWIFT_COMPILATION_MODE = wholemodule;
				SWIFT_OPTIMIZATION_LEVEL = "-O";
				VALIDATE_PRODUCT = YES;
			};
			name = Release;
		};
		88A56BB725BC36BE009182F5 /* Debug */ = {
			isa = XCBuildConfiguration;
			buildSettings = {
				ASSETCATALOG_COMPILER_APPICON_NAME = AppIcon;
				ASSETCATALOG_COMPILER_GLOBAL_ACCENT_COLOR_NAME = AccentColor;
				CODE_SIGN_STYLE = Automatic;
				DEVELOPMENT_TEAM = L3TAK769P4;
				INFOPLIST_FILE = WebToon/Info.plist;
				LD_RUNPATH_SEARCH_PATHS = (
					"$(inherited)",
					"@executable_path/Frameworks",
				);
				PRODUCT_BUNDLE_IDENTIFIER = yle.WebToon;
				PRODUCT_NAME = "$(TARGET_NAME)";
				SWIFT_VERSION = 5.0;
				TARGETED_DEVICE_FAMILY = "1,2";
			};
			name = Debug;
		};
		88A56BB825BC36BE009182F5 /* Release */ = {
			isa = XCBuildConfiguration;
			buildSettings = {
				ASSETCATALOG_COMPILER_APPICON_NAME = AppIcon;
				ASSETCATALOG_COMPILER_GLOBAL_ACCENT_COLOR_NAME = AccentColor;
				CODE_SIGN_STYLE = Automatic;
				DEVELOPMENT_TEAM = L3TAK769P4;
				INFOPLIST_FILE = WebToon/Info.plist;
				LD_RUNPATH_SEARCH_PATHS = (
					"$(inherited)",
					"@executable_path/Frameworks",
				);
				PRODUCT_BUNDLE_IDENTIFIER = yle.WebToon;
				PRODUCT_NAME = "$(TARGET_NAME)";
				SWIFT_VERSION = 5.0;
				TARGETED_DEVICE_FAMILY = "1,2";
			};
			name = Release;
		};
/* End XCBuildConfiguration section */

/* Begin XCConfigurationList section */
		88A56B9D25BC36BC009182F5 /* Build configuration list for PBXProject "WebToon" */ = {
			isa = XCConfigurationList;
			buildConfigurations = (
				88A56BB425BC36BE009182F5 /* Debug */,
				88A56BB525BC36BE009182F5 /* Release */,
			);
			defaultConfigurationIsVisible = 0;
			defaultConfigurationName = Release;
		};
		88A56BB625BC36BE009182F5 /* Build configuration list for PBXNativeTarget "WebToon" */ = {
			isa = XCConfigurationList;
			buildConfigurations = (
				88A56BB725BC36BE009182F5 /* Debug */,
				88A56BB825BC36BE009182F5 /* Release */,
			);
			defaultConfigurationIsVisible = 0;
			defaultConfigurationName = Release;
		};
/* End XCConfigurationList section */
	};
	rootObject = 88A56B9A25BC36BC009182F5 /* Project object */;
}
